<?xml version="1.0" encoding="utf-8"?>
<Project ToolsVersion="4.0" xmlns="http://schemas.microsoft.com/developer/msbuild/2003">
  <ItemGroup>
    <Filter Include="Source Files">
      <UniqueIdentifier>{7c955f7f-3e38-4954-a552-ddcdbe277cba}</UniqueIdentifier>
      <Extensions>cpp;c;cxx;rc;def;r;odl;idl;hpj;bat</Extensions>
    </Filter>
    <Filter Include="Header Files">
      <UniqueIdentifier>{040ebb35-fa98-4fdb-9070-88102e19b7dc}</UniqueIdentifier>
      <Extensions>h;hpp;hxx;hm;inl</Extensions>
    </Filter>
  </ItemGroup>
  <ItemGroup>
    <ClCompile Include="src\a_ansi.cpp">
      <Filter>Source Files</Filter>
    </ClCompile>
    <ClCompile Include="src\a_base.cpp">
      <Filter>Source Files</Filter>
    </ClCompile>
    <ClCompile Include="src\a_cgi.cpp">
      <Filter>Source Files</Filter>
    </ClCompile>
    <ClCompile Include="src\a_conv.cpp">
      <Filter>Source Files</Filter>
    </ClCompile>
    <ClCompile Include="src\a_cookie.cpp">
      <Filter>Source Files</Filter>
    </ClCompile>
    <ClCompile Include="src\a_crypto.cpp">
      <Filter>Source Files</Filter>
    </ClCompile>
    <ClCompile Include="src\a_datai.cpp">
      <Filter>Source Files</Filter>
    </ClCompile>
    <ClCompile Include="src\a_elem.cpp">
      <Filter>Source Files</Filter>
    </ClCompile>
    <ClCompile Include="src\a_elist.cpp">
      <Filter>Source Files</Filter>
    </ClCompile>
    <ClCompile Include="src\a_flist.cpp">
      <Filter>Source Files</Filter>
    </ClCompile>
    <ClCompile Include="src\a_formi.cpp">
      <Filter>Source Files</Filter>
    </ClCompile>
    <ClCompile Include="src\a_global.cpp">
      <Filter>Source Files</Filter>
    </ClCompile>
    <ClCompile Include="src\a_helper.cpp">
      <Filter>Source Files</Filter>
    </ClCompile>
    <ClCompile Include="src\a_html.cpp">
      <Filter>Source Files</Filter>
    </ClCompile>
    <ClCompile Include="src\a_list.cpp">
      <Filter>Source Files</Filter>
    </ClCompile>
    <ClCompile Include="src\a_pairi.cpp">
      <Filter>Source Files</Filter>
    </ClCompile>
    <ClCompile Include="src\a_plist.cpp">
      <Filter>Source Files</Filter>
    </ClCompile>
    <ClCompile Include="src\a_random.cpp">
      <Filter>Source Files</Filter>
    </ClCompile>
    <ClCompile Include="src\a_scart.cpp">
      <Filter>Source Files</Filter>
    </ClCompile>
    <ClCompile Include="src\a_scarti.cpp">
      <Filter>Source Files</Filter>
    </ClCompile>
    <ClCompile Include="src\a_stream.cpp">
      <Filter>Source Files</Filter>
    </ClCompile>
    <ClCompile Include="src\a_url.cpp">
      <Filter>Source Files</Filter>
    </ClCompile>
  </ItemGroup>
  <ItemGroup>
    <ClInclude Include="include\a_base.h">
      <Filter>Header Files</Filter>
    </ClInclude>
    <ClInclude Include="include\a_cgi.h">
      <Filter>Header Files</Filter>
    </ClInclude>
    <ClInclude Include="include\a_conv.h">
      <Filter>Header Files</Filter>
    </ClInclude>
    <ClInclude Include="include\a_elist.h">
      <Filter>Header Files</Filter>
    </ClInclude>
    <ClInclude Include="include\a_form.h">
      <Filter>Header Files</Filter>
    </ClInclude>
    <ClInclude Include="include\a_global.h">
      <Filter>Header Files</Filter>
    </ClInclude>
    <ClInclude Include="include\a_helper.h">
      <Filter>Header Files</Filter>
    </ClInclude>
    <ClInclude Include="include\a_html.h">
      <Filter>Header Files</Filter>
    </ClInclude>
    <ClInclude Include="include\a_list.h">
      <Filter>Header Files</Filter>
    </ClInclude>
    <ClInclude Include="include\a_predef.h">
      <Filter>Header Files</Filter>
    </ClInclude>
    <ClInclude Include="include\a_random.h">
      <Filter>Header Files</Filter>
    </ClInclude>
    <ClInclude Include="include\a_scart.h">
      <Filter>Header Files</Filter>
    </ClInclude>
    <ClInclude Include="include\a_stream.h">
      <Filter>Header Files</Filter>
    </ClInclude>
    <ClInclude Include="include\a_struct.h">
      <Filter>Header Files</Filter>
    </ClInclude>
    <ClInclude Include="include\freeCGI.h">
      <Filter>Header Files</Filter>
    </ClInclude>
  </ItemGroup>
</Project>